// !$*UTF8*$!
{
	archiveVersion = 1;
	classes = {
	};
	objectVersion = 56;
	objects = {

/* Begin PBXBuildFile section */
		9A6BFBF197979D302A4F2C20 /* Pods_ClothingStore.framework in Frameworks */ = {isa = PBXBuildFile; fileRef = E8D9002D9E2ACE7FB8B93D9F /* Pods_ClothingStore.framework */; };
		C63A6B062A27451D0028C4ED /* AppDelegate.swift in Sources */ = {isa = PBXBuildFile; fileRef = C63A6B052A27451D0028C4ED /* AppDelegate.swift */; };
		C63A6B082A27451D0028C4ED /* SceneDelegate.swift in Sources */ = {isa = PBXBuildFile; fileRef = C63A6B072A27451D0028C4ED /* SceneDelegate.swift */; };
		C63A6B0A2A27451D0028C4ED /* HomePageViewController.swift in Sources */ = {isa = PBXBuildFile; fileRef = C63A6B092A27451D0028C4ED /* HomePageViewController.swift */; };
		C63A6B0F2A27451F0028C4ED /* Assets.xcassets in Resources */ = {isa = PBXBuildFile; fileRef = C63A6B0E2A27451F0028C4ED /* Assets.xcassets */; };
		C63A6B122A27451F0028C4ED /* LaunchScreen.storyboard in Resources */ = {isa = PBXBuildFile; fileRef = C63A6B102A27451F0028C4ED /* LaunchScreen.storyboard */; };
		C63A6B1D2A27471E0028C4ED /* Coordinator.swift in Sources */ = {isa = PBXBuildFile; fileRef = C63A6B1C2A27471E0028C4ED /* Coordinator.swift */; };
		C63A6B202A2747860028C4ED /* AppCoordinator.swift in Sources */ = {isa = PBXBuildFile; fileRef = C63A6B1F2A2747860028C4ED /* AppCoordinator.swift */; };
		C63A6B232A2895A10028C4ED /* TabBarController.swift in Sources */ = {isa = PBXBuildFile; fileRef = C63A6B222A2895A10028C4ED /* TabBarController.swift */; };
		C63A6B262A28962A0028C4ED /* HomePageCoordinator.swift in Sources */ = {isa = PBXBuildFile; fileRef = C63A6B252A28962A0028C4ED /* HomePageCoordinator.swift */; };
		C63A6B282A2896A10028C4ED /* HomePageViewFactory.swift in Sources */ = {isa = PBXBuildFile; fileRef = C63A6B272A2896A10028C4ED /* HomePageViewFactory.swift */; };
		C63A6B2B2A28A18F0028C4ED /* CatalogPageCoordinator.swift in Sources */ = {isa = PBXBuildFile; fileRef = C63A6B2A2A28A18F0028C4ED /* CatalogPageCoordinator.swift */; };
		C63A6B2D2A28A1990028C4ED /* CatalogPageViewFactory.swift in Sources */ = {isa = PBXBuildFile; fileRef = C63A6B2C2A28A1990028C4ED /* CatalogPageViewFactory.swift */; };
		C63A6B302A28A28E0028C4ED /* CatalogPageViewController.swift in Sources */ = {isa = PBXBuildFile; fileRef = C63A6B2F2A28A28E0028C4ED /* CatalogPageViewController.swift */; };
		C63A6B332A28A5800028C4ED /* FavoritesPageCoordinator.swift in Sources */ = {isa = PBXBuildFile; fileRef = C63A6B322A28A5800028C4ED /* FavoritesPageCoordinator.swift */; };
		C63A6B352A28A58F0028C4ED /* FavoritesPageViewFactory.swift in Sources */ = {isa = PBXBuildFile; fileRef = C63A6B342A28A58F0028C4ED /* FavoritesPageViewFactory.swift */; };
		C63A6B382A28A5A60028C4ED /* FavoritesPageViewController.swift in Sources */ = {isa = PBXBuildFile; fileRef = C63A6B372A28A5A60028C4ED /* FavoritesPageViewController.swift */; };
		C63A6B3B2A28A9C00028C4ED /* BagPageCoordinator.swift in Sources */ = {isa = PBXBuildFile; fileRef = C63A6B3A2A28A9C00028C4ED /* BagPageCoordinator.swift */; };
		C63A6B3D2A28AAD10028C4ED /* BagPageVIewFactory.swift in Sources */ = {isa = PBXBuildFile; fileRef = C63A6B3C2A28AAD10028C4ED /* BagPageVIewFactory.swift */; };
		C63A6B402A28AB0F0028C4ED /* BagPageViewController.swift in Sources */ = {isa = PBXBuildFile; fileRef = C63A6B3F2A28AB0F0028C4ED /* BagPageViewController.swift */; };
		C63A6B432A28AE460028C4ED /* AccountPageCoordinator.swift in Sources */ = {isa = PBXBuildFile; fileRef = C63A6B422A28AE460028C4ED /* AccountPageCoordinator.swift */; };
		C63A6B452A28AE530028C4ED /* AccountPageViewFactory.swift in Sources */ = {isa = PBXBuildFile; fileRef = C63A6B442A28AE530028C4ED /* AccountPageViewFactory.swift */; };
		C63A6B482A28AE700028C4ED /* AccountPageViewController.swift in Sources */ = {isa = PBXBuildFile; fileRef = C63A6B472A28AE700028C4ED /* AccountPageViewController.swift */; };
		C63A6B4C2A28F75C0028C4ED /* NetworkService.swift in Sources */ = {isa = PBXBuildFile; fileRef = C63A6B4B2A28F75C0028C4ED /* NetworkService.swift */; };
		C63A6B4F2A28F7C10028C4ED /* StoreModel.swift in Sources */ = {isa = PBXBuildFile; fileRef = C63A6B4E2A28F7C10028C4ED /* StoreModel.swift */; };
		C63A6B512A28F9E40028C4ED /* NetworkEndpoint.swift in Sources */ = {isa = PBXBuildFile; fileRef = C63A6B502A28F9E40028C4ED /* NetworkEndpoint.swift */; };
		C63A6B532A28FA600028C4ED /* NetworkErrorTypes.swift in Sources */ = {isa = PBXBuildFile; fileRef = C63A6B522A28FA600028C4ED /* NetworkErrorTypes.swift */; };
		C63A6B562A28FFC50028C4ED /* ServiceFactory.swift in Sources */ = {isa = PBXBuildFile; fileRef = C63A6B552A28FFC50028C4ED /* ServiceFactory.swift */; };
/* End PBXBuildFile section */

/* Begin PBXFileReference section */
		71AA3B628F9E98D46FA4A869 /* Pods-ClothingStore.debug.xcconfig */ = {isa = PBXFileReference; includeInIndex = 1; lastKnownFileType = text.xcconfig; name = "Pods-ClothingStore.debug.xcconfig"; path = "Target Support Files/Pods-ClothingStore/Pods-ClothingStore.debug.xcconfig"; sourceTree = "<group>"; };
		C63A6B022A27451D0028C4ED /* ClothingStore.app */ = {isa = PBXFileReference; explicitFileType = wrapper.application; includeInIndex = 0; path = ClothingStore.app; sourceTree = BUILT_PRODUCTS_DIR; };
		C63A6B052A27451D0028C4ED /* AppDelegate.swift */ = {isa = PBXFileReference; lastKnownFileType = sourcecode.swift; path = AppDelegate.swift; sourceTree = "<group>"; };
		C63A6B072A27451D0028C4ED /* SceneDelegate.swift */ = {isa = PBXFileReference; lastKnownFileType = sourcecode.swift; path = SceneDelegate.swift; sourceTree = "<group>"; };
		C63A6B092A27451D0028C4ED /* HomePageViewController.swift */ = {isa = PBXFileReference; lastKnownFileType = sourcecode.swift; path = HomePageViewController.swift; sourceTree = "<group>"; };
		C63A6B0E2A27451F0028C4ED /* Assets.xcassets */ = {isa = PBXFileReference; lastKnownFileType = folder.assetcatalog; path = Assets.xcassets; sourceTree = "<group>"; };
		C63A6B112A27451F0028C4ED /* Base */ = {isa = PBXFileReference; lastKnownFileType = file.storyboard; name = Base; path = Base.lproj/LaunchScreen.storyboard; sourceTree = "<group>"; };
		C63A6B132A27451F0028C4ED /* Info.plist */ = {isa = PBXFileReference; lastKnownFileType = text.plist.xml; path = Info.plist; sourceTree = "<group>"; };
		C63A6B1C2A27471E0028C4ED /* Coordinator.swift */ = {isa = PBXFileReference; lastKnownFileType = sourcecode.swift; path = Coordinator.swift; sourceTree = "<group>"; };
		C63A6B1F2A2747860028C4ED /* AppCoordinator.swift */ = {isa = PBXFileReference; lastKnownFileType = sourcecode.swift; path = AppCoordinator.swift; sourceTree = "<group>"; };
		C63A6B222A2895A10028C4ED /* TabBarController.swift */ = {isa = PBXFileReference; lastKnownFileType = sourcecode.swift; path = TabBarController.swift; sourceTree = "<group>"; };
		C63A6B252A28962A0028C4ED /* HomePageCoordinator.swift */ = {isa = PBXFileReference; lastKnownFileType = sourcecode.swift; path = HomePageCoordinator.swift; sourceTree = "<group>"; };
		C63A6B272A2896A10028C4ED /* HomePageViewFactory.swift */ = {isa = PBXFileReference; lastKnownFileType = sourcecode.swift; path = HomePageViewFactory.swift; sourceTree = "<group>"; };
		C63A6B2A2A28A18F0028C4ED /* CatalogPageCoordinator.swift */ = {isa = PBXFileReference; lastKnownFileType = sourcecode.swift; path = CatalogPageCoordinator.swift; sourceTree = "<group>"; };
		C63A6B2C2A28A1990028C4ED /* CatalogPageViewFactory.swift */ = {isa = PBXFileReference; lastKnownFileType = sourcecode.swift; path = CatalogPageViewFactory.swift; sourceTree = "<group>"; };
		C63A6B2F2A28A28E0028C4ED /* CatalogPageViewController.swift */ = {isa = PBXFileReference; lastKnownFileType = sourcecode.swift; path = CatalogPageViewController.swift; sourceTree = "<group>"; };
		C63A6B322A28A5800028C4ED /* FavoritesPageCoordinator.swift */ = {isa = PBXFileReference; lastKnownFileType = sourcecode.swift; path = FavoritesPageCoordinator.swift; sourceTree = "<group>"; };
		C63A6B342A28A58F0028C4ED /* FavoritesPageViewFactory.swift */ = {isa = PBXFileReference; lastKnownFileType = sourcecode.swift; path = FavoritesPageViewFactory.swift; sourceTree = "<group>"; };
		C63A6B372A28A5A60028C4ED /* FavoritesPageViewController.swift */ = {isa = PBXFileReference; lastKnownFileType = sourcecode.swift; path = FavoritesPageViewController.swift; sourceTree = "<group>"; };
		C63A6B3A2A28A9C00028C4ED /* BagPageCoordinator.swift */ = {isa = PBXFileReference; lastKnownFileType = sourcecode.swift; path = BagPageCoordinator.swift; sourceTree = "<group>"; };
		C63A6B3C2A28AAD10028C4ED /* BagPageVIewFactory.swift */ = {isa = PBXFileReference; lastKnownFileType = sourcecode.swift; path = BagPageVIewFactory.swift; sourceTree = "<group>"; };
		C63A6B3F2A28AB0F0028C4ED /* BagPageViewController.swift */ = {isa = PBXFileReference; lastKnownFileType = sourcecode.swift; path = BagPageViewController.swift; sourceTree = "<group>"; };
		C63A6B422A28AE460028C4ED /* AccountPageCoordinator.swift */ = {isa = PBXFileReference; lastKnownFileType = sourcecode.swift; path = AccountPageCoordinator.swift; sourceTree = "<group>"; };
		C63A6B442A28AE530028C4ED /* AccountPageViewFactory.swift */ = {isa = PBXFileReference; lastKnownFileType = sourcecode.swift; path = AccountPageViewFactory.swift; sourceTree = "<group>"; };
		C63A6B472A28AE700028C4ED /* AccountPageViewController.swift */ = {isa = PBXFileReference; lastKnownFileType = sourcecode.swift; path = AccountPageViewController.swift; sourceTree = "<group>"; };
		C63A6B4B2A28F75C0028C4ED /* NetworkService.swift */ = {isa = PBXFileReference; lastKnownFileType = sourcecode.swift; path = NetworkService.swift; sourceTree = "<group>"; };
		C63A6B4E2A28F7C10028C4ED /* StoreModel.swift */ = {isa = PBXFileReference; lastKnownFileType = sourcecode.swift; path = StoreModel.swift; sourceTree = "<group>"; };
		C63A6B502A28F9E40028C4ED /* NetworkEndpoint.swift */ = {isa = PBXFileReference; lastKnownFileType = sourcecode.swift; path = NetworkEndpoint.swift; sourceTree = "<group>"; };
		C63A6B522A28FA600028C4ED /* NetworkErrorTypes.swift */ = {isa = PBXFileReference; lastKnownFileType = sourcecode.swift; path = NetworkErrorTypes.swift; sourceTree = "<group>"; };
		C63A6B552A28FFC50028C4ED /* ServiceFactory.swift */ = {isa = PBXFileReference; lastKnownFileType = sourcecode.swift; path = ServiceFactory.swift; sourceTree = "<group>"; };
		E8D9002D9E2ACE7FB8B93D9F /* Pods_ClothingStore.framework */ = {isa = PBXFileReference; explicitFileType = wrapper.framework; includeInIndex = 0; path = Pods_ClothingStore.framework; sourceTree = BUILT_PRODUCTS_DIR; };
		FB5A7B106B96CB16EE2ED24D /* Pods-ClothingStore.release.xcconfig */ = {isa = PBXFileReference; includeInIndex = 1; lastKnownFileType = text.xcconfig; name = "Pods-ClothingStore.release.xcconfig"; path = "Target Support Files/Pods-ClothingStore/Pods-ClothingStore.release.xcconfig"; sourceTree = "<group>"; };
/* End PBXFileReference section */

/* Begin PBXFrameworksBuildPhase section */
		C63A6AFF2A27451D0028C4ED /* Frameworks */ = {
			isa = PBXFrameworksBuildPhase;
			buildActionMask = 2147483647;
			files = (
				9A6BFBF197979D302A4F2C20 /* Pods_ClothingStore.framework in Frameworks */,
			);
			runOnlyForDeploymentPostprocessing = 0;
		};
/* End PBXFrameworksBuildPhase section */

/* Begin PBXGroup section */
		0A37E7CD91104846198AF392 /* Frameworks */ = {
			isa = PBXGroup;
			children = (
				E8D9002D9E2ACE7FB8B93D9F /* Pods_ClothingStore.framework */,
			);
			name = Frameworks;
			sourceTree = "<group>";
		};
		A76EA97814337FC9A1524C63 /* Pods */ = {
			isa = PBXGroup;
			children = (
				71AA3B628F9E98D46FA4A869 /* Pods-ClothingStore.debug.xcconfig */,
				FB5A7B106B96CB16EE2ED24D /* Pods-ClothingStore.release.xcconfig */,
			);
			path = Pods;
			sourceTree = "<group>";
		};
		C63A6AF92A27451D0028C4ED = {
			isa = PBXGroup;
			children = (
				C63A6B042A27451D0028C4ED /* ClothingStore */,
				C63A6B032A27451D0028C4ED /* Products */,
				A76EA97814337FC9A1524C63 /* Pods */,
				0A37E7CD91104846198AF392 /* Frameworks */,
			);
			sourceTree = "<group>";
		};
		C63A6B032A27451D0028C4ED /* Products */ = {
			isa = PBXGroup;
			children = (
				C63A6B022A27451D0028C4ED /* ClothingStore.app */,
			);
			name = Products;
			sourceTree = "<group>";
		};
		C63A6B042A27451D0028C4ED /* ClothingStore */ = {
			isa = PBXGroup;
			children = (
				C63A6B192A2746660028C4ED /* Application */,
				C63A6B4D2A28F7A10028C4ED /* Models */,
				C63A6B4A2A28F7420028C4ED /* NetworkLayer */,
				C63A6B1B2A2747110028C4ED /* Core */,
				C63A6B542A28FFAE0028C4ED /* Services */,
				C63A6B1E2A27476B0028C4ED /* Screens */,
				C63A6B1A2A2746750028C4ED /* Resources */,
				C63A6B132A27451F0028C4ED /* Info.plist */,
			);
			path = ClothingStore;
			sourceTree = "<group>";
		};
		C63A6B192A2746660028C4ED /* Application */ = {
			isa = PBXGroup;
			children = (
				C63A6B052A27451D0028C4ED /* AppDelegate.swift */,
				C63A6B072A27451D0028C4ED /* SceneDelegate.swift */,
			);
			path = Application;
			sourceTree = "<group>";
		};
		C63A6B1A2A2746750028C4ED /* Resources */ = {
			isa = PBXGroup;
			children = (
				C63A6B0E2A27451F0028C4ED /* Assets.xcassets */,
				C63A6B102A27451F0028C4ED /* LaunchScreen.storyboard */,
			);
			path = Resources;
			sourceTree = "<group>";
		};
		C63A6B1B2A2747110028C4ED /* Core */ = {
			isa = PBXGroup;
			children = (
				C63A6B1C2A27471E0028C4ED /* Coordinator.swift */,
			);
			path = Core;
			sourceTree = "<group>";
		};
		C63A6B1E2A27476B0028C4ED /* Screens */ = {
			isa = PBXGroup;
			children = (
				C63A6B1F2A2747860028C4ED /* AppCoordinator.swift */,
				C63A6B222A2895A10028C4ED /* TabBarController.swift */,
				C63A6B212A2895550028C4ED /* Home Section */,
				C63A6B292A28A1760028C4ED /* Catalog Section */,
				C63A6B312A28A5500028C4ED /* Favorites Section */,
				C63A6B392A28A99B0028C4ED /* Bag section */,
				C63A6B412A28AE1F0028C4ED /* Account section */,
			);
			path = Screens;
			sourceTree = "<group>";
		};
		C63A6B212A2895550028C4ED /* Home Section */ = {
			isa = PBXGroup;
			children = (
				C63A6B252A28962A0028C4ED /* HomePageCoordinator.swift */,
				C63A6B272A2896A10028C4ED /* HomePageViewFactory.swift */,
				C63A6B242A2896150028C4ED /* View */,
			);
			path = "Home Section";
			sourceTree = "<group>";
		};
		C63A6B242A2896150028C4ED /* View */ = {
			isa = PBXGroup;
			children = (
				C63A6B492A28C4F90028C4ED /* Cell */,
				C63A6B092A27451D0028C4ED /* HomePageViewController.swift */,
			);
			path = View;
			sourceTree = "<group>";
		};
		C63A6B292A28A1760028C4ED /* Catalog Section */ = {
			isa = PBXGroup;
			children = (
				C63A6B2A2A28A18F0028C4ED /* CatalogPageCoordinator.swift */,
				C63A6B2C2A28A1990028C4ED /* CatalogPageViewFactory.swift */,
				C63A6B2E2A28A1AB0028C4ED /* View */,
			);
			path = "Catalog Section";
			sourceTree = "<group>";
		};
		C63A6B2E2A28A1AB0028C4ED /* View */ = {
			isa = PBXGroup;
			children = (
				C63A6B2F2A28A28E0028C4ED /* CatalogPageViewController.swift */,
			);
			path = View;
			sourceTree = "<group>";
		};
		C63A6B312A28A5500028C4ED /* Favorites Section */ = {
			isa = PBXGroup;
			children = (
				C63A6B322A28A5800028C4ED /* FavoritesPageCoordinator.swift */,
				C63A6B342A28A58F0028C4ED /* FavoritesPageViewFactory.swift */,
				C63A6B362A28A5930028C4ED /* View */,
			);
			path = "Favorites Section";
			sourceTree = "<group>";
		};
		C63A6B362A28A5930028C4ED /* View */ = {
			isa = PBXGroup;
			children = (
				C63A6B372A28A5A60028C4ED /* FavoritesPageViewController.swift */,
			);
			path = View;
			sourceTree = "<group>";
		};
		C63A6B392A28A99B0028C4ED /* Bag section */ = {
			isa = PBXGroup;
			children = (
				C63A6B3A2A28A9C00028C4ED /* BagPageCoordinator.swift */,
				C63A6B3C2A28AAD10028C4ED /* BagPageVIewFactory.swift */,
				C63A6B3E2A28AB000028C4ED /* View */,
			);
			path = "Bag section";
			sourceTree = "<group>";
		};
		C63A6B3E2A28AB000028C4ED /* View */ = {
			isa = PBXGroup;
			children = (
				C63A6B3F2A28AB0F0028C4ED /* BagPageViewController.swift */,
			);
			path = View;
			sourceTree = "<group>";
		};
		C63A6B412A28AE1F0028C4ED /* Account section */ = {
			isa = PBXGroup;
			children = (
				C63A6B422A28AE460028C4ED /* AccountPageCoordinator.swift */,
				C63A6B442A28AE530028C4ED /* AccountPageViewFactory.swift */,
				C63A6B462A28AE650028C4ED /* View */,
			);
			path = "Account section";
			sourceTree = "<group>";
		};
		C63A6B462A28AE650028C4ED /* View */ = {
			isa = PBXGroup;
			children = (
				C63A6B472A28AE700028C4ED /* AccountPageViewController.swift */,
			);
			path = View;
			sourceTree = "<group>";
		};
		C63A6B492A28C4F90028C4ED /* Cell */ = {
			isa = PBXGroup;
			children = (
			);
			path = Cell;
			sourceTree = "<group>";
		};
		C63A6B4A2A28F7420028C4ED /* NetworkLayer */ = {
			isa = PBXGroup;
			children = (
				C63A6B4B2A28F75C0028C4ED /* NetworkService.swift */,
				C63A6B502A28F9E40028C4ED /* NetworkEndpoint.swift */,
				C63A6B522A28FA600028C4ED /* NetworkErrorTypes.swift */,
			);
			path = NetworkLayer;
			sourceTree = "<group>";
		};
		C63A6B4D2A28F7A10028C4ED /* Models */ = {
			isa = PBXGroup;
			children = (
				C63A6B4E2A28F7C10028C4ED /* StoreModel.swift */,
			);
			path = Models;
			sourceTree = "<group>";
		};
		C63A6B542A28FFAE0028C4ED /* Services */ = {
			isa = PBXGroup;
			children = (
				C63A6B552A28FFC50028C4ED /* ServiceFactory.swift */,
			);
			path = Services;
			sourceTree = "<group>";
		};
/* End PBXGroup section */

/* Begin PBXNativeTarget section */
		C63A6B012A27451D0028C4ED /* ClothingStore */ = {
			isa = PBXNativeTarget;
			buildConfigurationList = C63A6B162A27451F0028C4ED /* Build configuration list for PBXNativeTarget "ClothingStore" */;
			buildPhases = (
				B4AF031F9385F694D9AB05EA /* [CP] Check Pods Manifest.lock */,
				C63A6AFE2A27451D0028C4ED /* Sources */,
				C63A6AFF2A27451D0028C4ED /* Frameworks */,
				C63A6B002A27451D0028C4ED /* Resources */,
				F602AB61858CC56A102166BE /* [CP] Embed Pods Frameworks */,
			);
			buildRules = (
			);
			dependencies = (
			);
			name = ClothingStore;
			productName = ClothingStore;
			productReference = C63A6B022A27451D0028C4ED /* ClothingStore.app */;
			productType = "com.apple.product-type.application";
		};
/* End PBXNativeTarget section */

/* Begin PBXProject section */
		C63A6AFA2A27451D0028C4ED /* Project object */ = {
			isa = PBXProject;
			attributes = {
				BuildIndependentTargetsInParallel = 1;
				LastSwiftUpdateCheck = 1430;
				LastUpgradeCheck = 1430;
				TargetAttributes = {
					C63A6B012A27451D0028C4ED = {
						CreatedOnToolsVersion = 14.3;
					};
				};
			};
			buildConfigurationList = C63A6AFD2A27451D0028C4ED /* Build configuration list for PBXProject "ClothingStore" */;
			compatibilityVersion = "Xcode 14.0";
			developmentRegion = en;
			hasScannedForEncodings = 0;
			knownRegions = (
				en,
				Base,
			);
			mainGroup = C63A6AF92A27451D0028C4ED;
			productRefGroup = C63A6B032A27451D0028C4ED /* Products */;
			projectDirPath = "";
			projectRoot = "";
			targets = (
				C63A6B012A27451D0028C4ED /* ClothingStore */,
			);
		};
/* End PBXProject section */

/* Begin PBXResourcesBuildPhase section */
		C63A6B002A27451D0028C4ED /* Resources */ = {
			isa = PBXResourcesBuildPhase;
			buildActionMask = 2147483647;
			files = (
				C63A6B122A27451F0028C4ED /* LaunchScreen.storyboard in Resources */,
				C63A6B0F2A27451F0028C4ED /* Assets.xcassets in Resources */,
			);
			runOnlyForDeploymentPostprocessing = 0;
		};
/* End PBXResourcesBuildPhase section */

/* Begin PBXShellScriptBuildPhase section */
		B4AF031F9385F694D9AB05EA /* [CP] Check Pods Manifest.lock */ = {
			isa = PBXShellScriptBuildPhase;
			buildActionMask = 2147483647;
			files = (
			);
			inputFileListPaths = (
			);
			inputPaths = (
				"${PODS_PODFILE_DIR_PATH}/Podfile.lock",
				"${PODS_ROOT}/Manifest.lock",
			);
			name = "[CP] Check Pods Manifest.lock";
			outputFileListPaths = (
			);
			outputPaths = (
				"$(DERIVED_FILE_DIR)/Pods-ClothingStore-checkManifestLockResult.txt",
			);
			runOnlyForDeploymentPostprocessing = 0;
			shellPath = /bin/sh;
			shellScript = "diff \"${PODS_PODFILE_DIR_PATH}/Podfile.lock\" \"${PODS_ROOT}/Manifest.lock\" > /dev/null\nif [ $? != 0 ] ; then\n    # print error to STDERR\n    echo \"error: The sandbox is not in sync with the Podfile.lock. Run 'pod install' or update your CocoaPods installation.\" >&2\n    exit 1\nfi\n# This output is used by Xcode 'outputs' to avoid re-running this script phase.\necho \"SUCCESS\" > \"${SCRIPT_OUTPUT_FILE_0}\"\n";
			showEnvVarsInLog = 0;
		};
		F602AB61858CC56A102166BE /* [CP] Embed Pods Frameworks */ = {
			isa = PBXShellScriptBuildPhase;
			buildActionMask = 2147483647;
			files = (
			);
			inputFileListPaths = (
				"${PODS_ROOT}/Target Support Files/Pods-ClothingStore/Pods-ClothingStore-frameworks-${CONFIGURATION}-input-files.xcfilelist",
			);
			name = "[CP] Embed Pods Frameworks";
			outputFileListPaths = (
				"${PODS_ROOT}/Target Support Files/Pods-ClothingStore/Pods-ClothingStore-frameworks-${CONFIGURATION}-output-files.xcfilelist",
			);
			runOnlyForDeploymentPostprocessing = 0;
			shellPath = /bin/sh;
			shellScript = "\"${PODS_ROOT}/Target Support Files/Pods-ClothingStore/Pods-ClothingStore-frameworks.sh\"\n";
			showEnvVarsInLog = 0;
		};
/* End PBXShellScriptBuildPhase section */

/* Begin PBXSourcesBuildPhase section */
		C63A6AFE2A27451D0028C4ED /* Sources */ = {
			isa = PBXSourcesBuildPhase;
			buildActionMask = 2147483647;
			files = (
				C63A6B452A28AE530028C4ED /* AccountPageViewFactory.swift in Sources */,
				C63A6B1D2A27471E0028C4ED /* Coordinator.swift in Sources */,
				C63A6B382A28A5A60028C4ED /* FavoritesPageViewController.swift in Sources */,
				C63A6B332A28A5800028C4ED /* FavoritesPageCoordinator.swift in Sources */,
				C63A6B2B2A28A18F0028C4ED /* CatalogPageCoordinator.swift in Sources */,
				C63A6B562A28FFC50028C4ED /* ServiceFactory.swift in Sources */,
				C63A6B262A28962A0028C4ED /* HomePageCoordinator.swift in Sources */,
				C63A6B302A28A28E0028C4ED /* CatalogPageViewController.swift in Sources */,
				C63A6B2D2A28A1990028C4ED /* CatalogPageViewFactory.swift in Sources */,
				C63A6B0A2A27451D0028C4ED /* HomePageViewController.swift in Sources */,
				C63A6B402A28AB0F0028C4ED /* BagPageViewController.swift in Sources */,
				C63A6B352A28A58F0028C4ED /* FavoritesPageViewFactory.swift in Sources */,
				C63A6B3B2A28A9C00028C4ED /* BagPageCoordinator.swift in Sources */,
				C63A6B202A2747860028C4ED /* AppCoordinator.swift in Sources */,
				C63A6B4F2A28F7C10028C4ED /* StoreModel.swift in Sources */,
				C63A6B4C2A28F75C0028C4ED /* NetworkService.swift in Sources */,
				C63A6B232A2895A10028C4ED /* TabBarController.swift in Sources */,
				C63A6B062A27451D0028C4ED /* AppDelegate.swift in Sources */,
				C63A6B512A28F9E40028C4ED /* NetworkEndpoint.swift in Sources */,
				C63A6B082A27451D0028C4ED /* SceneDelegate.swift in Sources */,
				C63A6B532A28FA600028C4ED /* NetworkErrorTypes.swift in Sources */,
				C63A6B3D2A28AAD10028C4ED /* BagPageVIewFactory.swift in Sources */,
				C63A6B282A2896A10028C4ED /* HomePageViewFactory.swift in Sources */,
				C63A6B432A28AE460028C4ED /* AccountPageCoordinator.swift in Sources */,
				C63A6B482A28AE700028C4ED /* AccountPageViewController.swift in Sources */,
			);
			runOnlyForDeploymentPostprocessing = 0;
		};
/* End PBXSourcesBuildPhase section */

/* Begin PBXVariantGroup section */
		C63A6B102A27451F0028C4ED /* LaunchScreen.storyboard */ = {
			isa = PBXVariantGroup;
			children = (
				C63A6B112A27451F0028C4ED /* Base */,
			);
			name = LaunchScreen.storyboard;
			sourceTree = "<group>";
		};
/* End PBXVariantGroup section */

/* Begin XCBuildConfiguration section */
		C63A6B142A27451F0028C4ED /* Debug */ = {
			isa = XCBuildConfiguration;
			buildSettings = {
				ALWAYS_SEARCH_USER_PATHS = NO;
				CLANG_ANALYZER_NONNULL = YES;
				CLANG_ANALYZER_NUMBER_OBJECT_CONVERSION = YES_AGGRESSIVE;
				CLANG_CXX_LANGUAGE_STANDARD = "gnu++20";
				CLANG_ENABLE_MODULES = YES;
				CLANG_ENABLE_OBJC_ARC = YES;
				CLANG_ENABLE_OBJC_WEAK = YES;
				CLANG_WARN_BLOCK_CAPTURE_AUTORELEASING = YES;
				CLANG_WARN_BOOL_CONVERSION = YES;
				CLANG_WARN_COMMA = YES;
				CLANG_WARN_CONSTANT_CONVERSION = YES;
				CLANG_WARN_DEPRECATED_OBJC_IMPLEMENTATIONS = YES;
				CLANG_WARN_DIRECT_OBJC_ISA_USAGE = YES_ERROR;
				CLANG_WARN_DOCUMENTATION_COMMENTS = YES;
				CLANG_WARN_EMPTY_BODY = YES;
				CLANG_WARN_ENUM_CONVERSION = YES;
				CLANG_WARN_INFINITE_RECURSION = YES;
				CLANG_WARN_INT_CONVERSION = YES;
				CLANG_WARN_NON_LITERAL_NULL_CONVERSION = YES;
				CLANG_WARN_OBJC_IMPLICIT_RETAIN_SELF = YES;
				CLANG_WARN_OBJC_LITERAL_CONVERSION = YES;
				CLANG_WARN_OBJC_ROOT_CLASS = YES_ERROR;
				CLANG_WARN_QUOTED_INCLUDE_IN_FRAMEWORK_HEADER = YES;
				CLANG_WARN_RANGE_LOOP_ANALYSIS = YES;
				CLANG_WARN_STRICT_PROTOTYPES = YES;
				CLANG_WARN_SUSPICIOUS_MOVE = YES;
				CLANG_WARN_UNGUARDED_AVAILABILITY = YES_AGGRESSIVE;
				CLANG_WARN_UNREACHABLE_CODE = YES;
				CLANG_WARN__DUPLICATE_METHOD_MATCH = YES;
				COPY_PHASE_STRIP = NO;
				DEBUG_INFORMATION_FORMAT = dwarf;
				ENABLE_STRICT_OBJC_MSGSEND = YES;
				ENABLE_TESTABILITY = YES;
				GCC_C_LANGUAGE_STANDARD = gnu11;
				GCC_DYNAMIC_NO_PIC = NO;
				GCC_NO_COMMON_BLOCKS = YES;
				GCC_OPTIMIZATION_LEVEL = 0;
				GCC_PREPROCESSOR_DEFINITIONS = (
					"DEBUG=1",
					"$(inherited)",
				);
				GCC_WARN_64_TO_32_BIT_CONVERSION = YES;
				GCC_WARN_ABOUT_RETURN_TYPE = YES_ERROR;
				GCC_WARN_UNDECLARED_SELECTOR = YES;
				GCC_WARN_UNINITIALIZED_AUTOS = YES_AGGRESSIVE;
				GCC_WARN_UNUSED_FUNCTION = YES;
				GCC_WARN_UNUSED_VARIABLE = YES;
				IPHONEOS_DEPLOYMENT_TARGET = 16.4;
				MTL_ENABLE_DEBUG_INFO = INCLUDE_SOURCE;
				MTL_FAST_MATH = YES;
				ONLY_ACTIVE_ARCH = YES;
				SDKROOT = iphoneos;
				SWIFT_ACTIVE_COMPILATION_CONDITIONS = DEBUG;
				SWIFT_OPTIMIZATION_LEVEL = "-Onone";
			};
			name = Debug;
		};
		C63A6B152A27451F0028C4ED /* Release */ = {
			isa = XCBuildConfiguration;
			buildSettings = {
				ALWAYS_SEARCH_USER_PATHS = NO;
				CLANG_ANALYZER_NONNULL = YES;
				CLANG_ANALYZER_NUMBER_OBJECT_CONVERSION = YES_AGGRESSIVE;
				CLANG_CXX_LANGUAGE_STANDARD = "gnu++20";
				CLANG_ENABLE_MODULES = YES;
				CLANG_ENABLE_OBJC_ARC = YES;
				CLANG_ENABLE_OBJC_WEAK = YES;
				CLANG_WARN_BLOCK_CAPTURE_AUTORELEASING = YES;
				CLANG_WARN_BOOL_CONVERSION = YES;
				CLANG_WARN_COMMA = YES;
				CLANG_WARN_CONSTANT_CONVERSION = YES;
				CLANG_WARN_DEPRECATED_OBJC_IMPLEMENTATIONS = YES;
				CLANG_WARN_DIRECT_OBJC_ISA_USAGE = YES_ERROR;
				CLANG_WARN_DOCUMENTATION_COMMENTS = YES;
				CLANG_WARN_EMPTY_BODY = YES;
				CLANG_WARN_ENUM_CONVERSION = YES;
				CLANG_WARN_INFINITE_RECURSION = YES;
				CLANG_WARN_INT_CONVERSION = YES;
				CLANG_WARN_NON_LITERAL_NULL_CONVERSION = YES;
				CLANG_WARN_OBJC_IMPLICIT_RETAIN_SELF = YES;
				CLANG_WARN_OBJC_LITERAL_CONVERSION = YES;
				CLANG_WARN_OBJC_ROOT_CLASS = YES_ERROR;
				CLANG_WARN_QUOTED_INCLUDE_IN_FRAMEWORK_HEADER = YES;
				CLANG_WARN_RANGE_LOOP_ANALYSIS = YES;
				CLANG_WARN_STRICT_PROTOTYPES = YES;
				CLANG_WARN_SUSPICIOUS_MOVE = YES;
				CLANG_WARN_UNGUARDED_AVAILABILITY = YES_AGGRESSIVE;
				CLANG_WARN_UNREACHABLE_CODE = YES;
				CLANG_WARN__DUPLICATE_METHOD_MATCH = YES;
				COPY_PHASE_STRIP = NO;
				DEBUG_INFORMATION_FORMAT = "dwarf-with-dsym";
				ENABLE_NS_ASSERTIONS = NO;
				ENABLE_STRICT_OBJC_MSGSEND = YES;
				GCC_C_LANGUAGE_STANDARD = gnu11;
				GCC_NO_COMMON_BLOCKS = YES;
				GCC_WARN_64_TO_32_BIT_CONVERSION = YES;
				GCC_WARN_ABOUT_RETURN_TYPE = YES_ERROR;
				GCC_WARN_UNDECLARED_SELECTOR = YES;
				GCC_WARN_UNINITIALIZED_AUTOS = YES_AGGRESSIVE;
				GCC_WARN_UNUSED_FUNCTION = YES;
				GCC_WARN_UNUSED_VARIABLE = YES;
				IPHONEOS_DEPLOYMENT_TARGET = 16.4;
				MTL_ENABLE_DEBUG_INFO = NO;
				MTL_FAST_MATH = YES;
				SDKROOT = iphoneos;
				SWIFT_COMPILATION_MODE = wholemodule;
				SWIFT_OPTIMIZATION_LEVEL = "-O";
				VALIDATE_PRODUCT = YES;
			};
			name = Release;
		};
		C63A6B172A27451F0028C4ED /* Debug */ = {
			isa = XCBuildConfiguration;
			baseConfigurationReference = 71AA3B628F9E98D46FA4A869 /* Pods-ClothingStore.debug.xcconfig */;
			buildSettings = {
				ASSETCATALOG_COMPILER_APPICON_NAME = AppIcon;
				ASSETCATALOG_COMPILER_GLOBAL_ACCENT_COLOR_NAME = AccentColor;
				CODE_SIGN_STYLE = Automatic;
				CURRENT_PROJECT_VERSION = 1;
				GENERATE_INFOPLIST_FILE = YES;
				INFOPLIST_FILE = ClothingStore/Info.plist;
				INFOPLIST_KEY_UIApplicationSupportsIndirectInputEvents = YES;
				INFOPLIST_KEY_UILaunchStoryboardName = LaunchScreen;
				INFOPLIST_KEY_UISupportedInterfaceOrientations_iPad = "UIInterfaceOrientationPortrait UIInterfaceOrientationPortraitUpsideDown UIInterfaceOrientationLandscapeLeft UIInterfaceOrientationLandscapeRight";
				INFOPLIST_KEY_UISupportedInterfaceOrientations_iPhone = "UIInterfaceOrientationPortrait UIInterfaceOrientationLandscapeLeft UIInterfaceOrientationLandscapeRight";
				LD_RUNPATH_SEARCH_PATHS = (
					"$(inherited)",
					"@executable_path/Frameworks",
				);
				MARKETING_VERSION = 1.0;
				PRODUCT_BUNDLE_IDENTIFIER = com.yakendi.ClothingStore;
				PRODUCT_NAME = "$(TARGET_NAME)";
				SWIFT_EMIT_LOC_STRINGS = YES;
				SWIFT_VERSION = 5.0;
				TARGETED_DEVICE_FAMILY = "1,2";
			};
			name = Debug;
		};
		C63A6B182A27451F0028C4ED /* Release */ = {
			isa = XCBuildConfiguration;
			baseConfigurationReference = FB5A7B106B96CB16EE2ED24D /* Pods-ClothingStore.release.xcconfig */;
			buildSettings = {
				ASSETCATALOG_COMPILER_APPICON_NAME = AppIcon;
				ASSETCATALOG_COMPILER_GLOBAL_ACCENT_COLOR_NAME = AccentColor;
				CODE_SIGN_STYLE = Automatic;
				CURRENT_PROJECT_VERSION = 1;
				GENERATE_INFOPLIST_FILE = YES;
				INFOPLIST_FILE = ClothingStore/Info.plist;
				INFOPLIST_KEY_UIApplicationSupportsIndirectInputEvents = YES;
				INFOPLIST_KEY_UILaunchStoryboardName = LaunchScreen;
				INFOPLIST_KEY_UISupportedInterfaceOrientations_iPad = "UIInterfaceOrientationPortrait UIInterfaceOrientationPortraitUpsideDown UIInterfaceOrientationLandscapeLeft UIInterfaceOrientationLandscapeRight";
				INFOPLIST_KEY_UISupportedInterfaceOrientations_iPhone = "UIInterfaceOrientationPortrait UIInterfaceOrientationLandscapeLeft UIInterfaceOrientationLandscapeRight";
				LD_RUNPATH_SEARCH_PATHS = (
					"$(inherited)",
					"@executable_path/Frameworks",
				);
				MARKETING_VERSION = 1.0;
				PRODUCT_BUNDLE_IDENTIFIER = com.yakendi.ClothingStore;
				PRODUCT_NAME = "$(TARGET_NAME)";
				SWIFT_EMIT_LOC_STRINGS = YES;
				SWIFT_VERSION = 5.0;
				TARGETED_DEVICE_FAMILY = "1,2";
			};
			name = Release;
		};
/* End XCBuildConfiguration section */

/* Begin XCConfigurationList section */
		C63A6AFD2A27451D0028C4ED /* Build configuration list for PBXProject "ClothingStore" */ = {
			isa = XCConfigurationList;
			buildConfigurations = (
				C63A6B142A27451F0028C4ED /* Debug */,
				C63A6B152A27451F0028C4ED /* Release */,
			);
			defaultConfigurationIsVisible = 0;
			defaultConfigurationName = Release;
		};
		C63A6B162A27451F0028C4ED /* Build configuration list for PBXNativeTarget "ClothingStore" */ = {
			isa = XCConfigurationList;
			buildConfigurations = (
				C63A6B172A27451F0028C4ED /* Debug */,
				C63A6B182A27451F0028C4ED /* Release */,
			);
			defaultConfigurationIsVisible = 0;
			defaultConfigurationName = Release;
		};
/* End XCConfigurationList section */
	};
	rootObject = C63A6AFA2A27451D0028C4ED /* Project object */;
}
